
Microsoft Visual Studio Solution File, Format Version 12.00
# Visual Studio Version 17
VisualStudioVersion = 17.13.35825.156 d17.13
MinimumVisualStudioVersion = 10.0.40219.1
Project("{FAE04EC0-301F-11D3-BF4B-00C04F79EFBC}") = "MySqlWinForms", "MySqlWinForms\MySqlWinForms.csproj", "{3FD41A81-F80C-46ED-94A8-2A88EE5E38DE}"
EndProject
Global
	GlobalSection(SolutionConfigurationPlatforms) = preSolution
		Debug|Any CPU = Debug|Any CPU
		Release|Any CPU = Release|Any CPU
	EndGlobalSection
	GlobalSection(ProjectConfigurationPlatforms) = postSolution
		{3FD41A81-F80C-46ED-94A8-2A88EE5E38DE}.Debug|Any CPU.ActiveCfg = Debug|Any CPU
		{3FD41A81-F80C-46ED-94A8-2A88EE5E38DE}.Debug|Any CPU.Build.0 = Debug|Any CPU
		{3FD41A81-F80C-46ED-94A8-2A88EE5E38DE}.Release|Any CPU.ActiveCfg = Release|Any CPU
		{3FD41A81-F80C-46ED-94A8-2A88EE5E38DE}.Release|Any CPU.Build.0 = Release|Any CPU
	EndGlobalSection
	GlobalSection(SolutionProperties) = preSolution
		HideSolutionNode = FALSE
	EndGlobalSection
	GlobalSection(ExtensibilityGlobals) = postSolution
		SolutionGuid = {546F6BB8-A7B8-4F44-9882-BFA69C4CAD13}
	EndGlobalSection
EndGlobal
